# This file is automatically @generated by Poetry 2.4.1 and should not be changed by hand.

[[package]]
name = "aws-lambda-powertools"
version = "3.4.1"
description = "Powertools for AWS Lambda (Python) is a developer toolkit to implement Serverless best practices and increase developer velocity."
optional = false
python-versions = "<4.0.0,>=3.8"
groups = ["main"]
files = [
    {file = "aws_lambda_powertools-3.4.1-py3-none-any.whl", hash = "sha256:41f2898d90b0c21e09386cc7d1c0070c360dc877d3b24b2cc118df9534d8f759"},
    {file = "aws_lambda_powertools-3.4.1.tar.gz", hash = "sha256:c5cb323ef1a6669e80409cff9e7b5b0a63581b93a65f750984e71bc4de5f22b6"},
]

[package.dependencies]
jmespath = ">=1.0.1,<2.0.0"
typing-extensions = ">=4.11.0,<5.0.0"

[package.extras]
all = ["aws-encryption-sdk (>=3.1.1,<5.0.0)", "aws-xray-sdk (>=2.8.0,<3.0.0)", "fastjsonschema (>=2.14.5,<3.0.0)", "jsonpath-ng (>=1.6.0,<2.0.0)", "pydantic (>=2.4.0,<3.0.0)", "pydantic-settings (>=2.6.1,<3.0.0)"]
aws-sdk = ["boto3 (>=1.34.32,<2.0.0)"]
datadog = ["datadog-lambda (>=4.77,<7.0)"]
datamasking = ["aws-encryption-sdk (>=3.1.1,<5.0.0)", "jsonpath-ng (>=1.6.0,<2.0.0)"]
parser = ["pydantic (>=2.4.0,<3.0.0)"]
redis = ["redis (>=4.4,<6.0)"]
tracer = ["aws-xray-sdk (>=2.8.0,<3.0.0)"]
validation = ["fastjsonschema (>=2.14.5,<3.0.0)"]

[[package]]
name = "aws-xray-sdk"
version = "2.15.0"
description = "The AWS X-Ray SDK for Python (the SDK) enables Python developers to record and emit information from within their applications to the AWS X-Ray service."
optional = false
python-versions = ">=3.7"
groups = ["main"]
files = [
    {file = "aws_xray_sdk-2.15.0-py2.py3-none-any.whl", hash = "sha256:422d62ad7d52e373eebb90b642eb1bb24657afe03b22a8df4a8b2e5108e278a3"},
    {file = "aws_xray_sdk-2.15.0.tar.gz", hash = "sha256:794381b96e835314345068ae1dd3b9120bd8b4e21295066c37e8814dbb341365"},
]

[package.dependencies]
botocore = ">=1.11.3"
wrapt = "*"

[[package]]
name = "awscli-local"
version = "0.22.0"
description = "Thin wrapper around the \"aws\" command line interface for use with LocalStack"
optional = false
python-versions = "*"
groups = ["dev"]
files = [
    {file = "awscli-local-0.22.0.tar.gz", hash = "sha256:3807cf2ee4bbdd4df4dfc8bef027f25bde523dcaf8119720f677ed95ebba66a4"},
]

[package.dependencies]
localstack-client = "*"

[package.extras]
ver1 = ["awscli"]

[[package]]
name = "boto3"
version = "1.35.0"
description = "The AWS SDK for Python"
optional = false
python-versions = ">=3.8"
groups = ["main", "dev"]
files = [
    {file = "boto3-1.35.0-py3-none-any.whl", hash = "sha256:ada32dab854c46a877cf967b8a55ab1a7d356c3c87f1c8bd556d446ff03dfd95"},
    {file = "boto3-1.35.0.tar.gz", hash = "sha256:bdc242e3ea81decc6ea551b04b2c122f088c29269d8e093b55862946aa0fcfc6"},
]

[package.dependencies]
botocore = ">=1.35.0,<1.36.0"
jmespath = ">=0.7.1,<2.0.0"
s3transfer = ">=0.10.0,<0.11.0"

[package.extras]
crt = ["botocore[crt] (>=1.21.0,<2.0a0)"]

[[package]]
name = "botocore"
version = "1.35.99"
description = "Low-level, data-driven core of boto 3."
optional = false
python-versions = ">=3.8"
groups = ["main", "dev"]
files = [
    {file = "botocore-1.35.99-py3-none-any.whl", hash = "sha256:b22d27b6b617fc2d7342090d6129000af2efd20174215948c0d7ae2da0fab445"},
    {file = "botocore-1.35.99.tar.gz", hash = "sha256:1eab44e969c39c5f3d9a3104a0836c24715579a455f12b3979a31d7cde51b3c3"},
]

[package.dependencies]
jmespath = ">=0.7.1,<2.0.0"
python-dateutil = ">=2.1,<3.0.0"
urllib3 = {version = ">=1.25.4,<2.2.0 || >2.2.0,<3", markers = "python_version >= \"3.10\""}

[package.extras]
crt = ["awscrt (==0.22.0)"]

[[package]]
name = "jmespath"
version = "1.1.0"
description = "JSON Matching Expressions"
optional = false
python-versions = ">=3.9"
groups = ["main", "dev"]
files = [
    {file = "jmespath-1.1.0-py3-none-any.whl", hash = "sha256:a5663118de4908c91729bea0acadca56526eb2698e83de10cd116ae0f4e97c64"},
    {file = "jmespath-1.1.0.tar.gz", hash = "sha256:472c87d80f36026ae83c6ddd0f1d05d4e510134ed462851fd5f754c8c3cbb88d"},
]

[[package]]
name = "localstack-client"
version = "2.11"
description = "A lightweight Python client for LocalStack."
optional = false
python-versions = "*"
groups = ["dev"]
files = [
    {file = "localstack_client-2.11.tar.gz", hash = "sha256:1cbd7bf1f03b9b553ffe7ea10fe137f44e8d690a37af9c6515eba61a2379fc46"},
]

[package.dependencies]
boto3 = "*"

[package.extras]
test = ["black", "coverage", "flake8", "isort", "localstack", "pytest"]

[[package]]
name = "python-dateutil"
version = "2.9.0.post0"
description = "Extensions to the standard Python datetime module"
optional = false
python-versions = "!=3.0.*,!=3.1.*,!=3.2.*,>=2.7"
groups = ["main", "dev"]
files = [
    {file = "python-dateutil-2.9.0.post0.tar.gz", hash = "sha256:37dd54208da7e1cd875388217d5e00ebd4179249f90fb72437e91a35459a0ad3"},
    {file = "python_dateutil-2.9.0.post0-py2.py3-none-any.whl", hash = "sha256:a8b2bc7bffae282281c8140a97d3aa9c14da0b136dfe83f850eea9a5f7470427"},
]

[package.dependencies]
six = ">=1.5"

[[package]]
name = "python-dotenv"
version = "1.0.1"
description = "Read key-value pairs from a .env file and set them as environment variables"
optional = false
python-versions = ">=3.8"
groups = ["main"]
files = [
    {file = "python-dotenv-1.0.1.tar.gz", hash = "sha256:e324ee90a023d808f1959c46bcbc04446a10ced277783dc6ee09987c37ec10ca"},
    {file = "python_dotenv-1.0.1-py3-none-any.whl", hash = "sha256:f7b63ef50f1b690dddf550d03497b66d609393b40b564ed0d674909a68ebf16a"},
]

[package.extras]
cli = ["click (>=5.0)"]

[[package]]
name = "s3transfer"
version = "0.10.4"
description = "An Amazon S3 Transfer Manager"
optional = false
python-versions = ">=3.8"
groups = ["main", "dev"]
files = [
    {file = "s3transfer-0.10.4-py3-none-any.whl", hash = "sha256:244a76a24355363a68164241438de1b72f8781664920260c48465896b712a41e"},
    {file = "s3transfer-0.10.4.tar.gz", hash = "sha256:29edc09801743c21eb5ecbc617a152df41d3c287f67b615f73e5f750583666a7"},
]

[package.dependencies]
botocore = ">=1.33.2,<2.0a0"

[package.extras]
crt = ["botocore[crt] (>=1.33.2,<2.0a0)"]

[[package]]
name = "six"
version = "1.17.0"
description = "Python 2 and 3 compatibility utilities"
optional = false
python-versions = "!=3.0.*,!=3.1.*,!=3.2.*,>=2.7"
groups = ["main", "dev"]
files = [
    {file = "six-1.17.0-py2.py3-none-any.whl", hash = "sha256:4721f391ed90541fddacab5acf947aa0d3dc7d27b2e1e8eda2be8970586c3274"},
    {file = "six-1.17.0.tar.gz", hash = "sha256:ff70335d468e7eb6ec65b95b99d3a2836546063f63acc5171de367e834932a81"},
]

[[package]]
name = "typing-extensions"
version = "4.15.0"
description = "Backported and Experimental Type Hints for Python 3.9+"
optional = false
python-versions = ">=3.9"
groups = ["main"]
files = [
    {file = "typing_extensions-4.15.0-py3-none-any.whl", hash = "sha256:f0fa19c6845758ab08074a0cfa8b7aecb71c999ca73d62883bc25cc018c4e548"},
    {file = "typing_extensions-4.15.0.tar.gz", hash = "sha256:0cea48d173cc12fa28ecabc3b837ea3cf6f38c6d1136f85cbaaf598984861466"},
]

[[package]]
name = "urllib3"
version = "2.7.0"
description = "HTTP library with thread-safe connection pooling, file post, and more."
optional = false
python-versions = ">=3.10"
groups = ["main", "dev"]
files = [
    {file = "urllib3-2.7.0-py3-none-any.whl", hash = "sha256:9fb4c81ebbb1ce9531cce37674bbc6f1360472bc18ca9a553ede278ef7276897"},
    {file = "urllib3-2.7.0.tar.gz", hash = "sha256:231e0ec3b63ceb14667c67be60f2f2c40a518cb38b03af60abc813da26505f4c"},
]

[package.extras]
brotli = ["brotli (>=1.2.0) ; platform_python_implementation == \"CPython\"", "brotlicffi (>=1.2.0.0) ; platform_python_implementation != \"CPython\""]
h2 = ["h2 (>=4,<5)"]
socks = ["pysocks (>=1.5.6,!=1.5.7,<2.0)"]
zstd = ["backports-zstd (>=1.0.0) ; python_version < \"3.14\""]

[[package]]
name = "wrapt"
version = "2.2.1"
description = "Module for decorators, wrappers and monkey patching."
optional = false
python-versions = ">=3.9"
groups = ["main"]
files = [
    {file = "wrapt-2.2.1-cp310-cp310-macosx_10_9_x86_64.whl", hash = "sha256:0f68f478004475d97906686e702ddbddeaf717c0b68ad2794384308f2dc713ae"},
    {file = "wrapt-2.2.1-cp310-cp310-macosx_11_0_arm64.whl", hash = "sha256:e422b2d647a65d6b080cad5accd09055d3809bdff00c76fba8dca00ca935572a"},
    {file = "wrapt-2.2.1-cp310-cp310-manylinux1_x86_64.manylinux_2_28_x86_64.manylinux_2_5_x86_64.whl", hash = "sha256:036dfb40128819a751c6f451c6b9c10172c49e4c401aebcdb8ecf2aec1683598"},
    {file = "wrapt-2.2.1-cp310-cp310-manylinux2014_aarch64.manylinux_2_17_aarch64.manylinux_2_28_aarch64.whl", hash = "sha256:09ac16c081bebfd15d8e4dfa5bdc805990bbd52249ecff22530da7a129d6120b"},
    {file = "wrapt-2.2.1-cp310-cp310-manylinux_2_31_riscv64.manylinux_2_39_riscv64.whl", hash = "sha256:07be671fa8875971222b0ba9059ed8b4dc738631122feba17c93aa36b4213e9a"},
    {file = "wrapt-2.2.1-cp310-cp310-musllinux_1_2_aarch64.whl", hash = "sha256:93fc2bf40cd7f4a0256010dce073d44eeb4a351b9bca94d0477ce2b6e62532b3"},
    {file = "wrapt-2.2.1-cp310-cp310-musllinux_1_2_riscv64.whl", hash = "sha256:ba519b2d765df9871a25879e6f7fa78948ea59a2a31f9c1a257e34b651994afc"},
    {file = "wrapt-2.2.1-cp310-cp310-musllinux_1_2_x86_64.whl", hash = "sha256:9011395be8db1827d106c6449b4bb6dd17e331ff6ec521f227e4588f1c78e46f"},
    {file = "wrapt-2.2.1-cp310-cp310-win32.whl", hash = "sha256:a8f7176b83664af44567e9cc06e0d3827823fcc1a5e52307ebb8ac3aa95860b9"},
    {file = "wrapt-2.2.1-cp310-cp310-win_amd64.whl", hash = "sha256:d7f513d3185e6fec82d0c3518f2e6365d8b4e49f5f45f29640d5162d56a23b54"},
    {file = "wrapt-2.2.1-cp310-cp310-win_arm64.whl", hash = "sha256:44255c84bc57554fed822e83e70036b51afa9edb56fc7ca56c54410ece7898c9"},
    {file = "wrapt-2.2.1-cp311-cp311-macosx_10_9_x86_64.whl", hash = "sha256:dd57607acc85678925940bd5df0385ff8332083a32fa8d7a43f8767f4997263c"},
    {file = "wrapt-2.2.1-cp311-cp311-macosx_11_0_arm64.whl", hash = "sha256:1ae574d65c9fa8e86f64f6a7c2668f9fcd507b183e0e577619f504b883cb0a6c"},
    {file = "wrapt-2.2.1-cp311-cp311-manylinux1_x86_64.manylinux_2_28_x86_64.manylinux_2_5_x86_64.whl", hash = "sha256:9a04c28c10ba7fd12842b109d2edb0678872a2fe65277ca4ff06a0d61edee245"},
    {file = "wrapt-2.2.1-cp311-cp311-manylinux2014_aarch64.manylinux_2_17_aarch64.manylinux_2_28_aarch64.whl", hash = "sha256:3e2f02472a1cbbf3884b365714a810b5947134a95ad6952b554cb8cce9d492b0"},
    {file = "wrapt-2.2.1-cp311-cp311-manylinux_2_31_riscv64.manylinux_2_39_riscv64.whl", hash = "sha256:ac2745950b2bff80219c15ebf2fa9d8427eba7e249739f97e55c9d169e47e9e1"},
    {file = "wrapt-2.2.1-cp311-cp311-musllinux_1_2_aarch64.whl", hash = "sha256:67a97e5b6c457f0cd3cfc19ebb2d84463e60c3ece754cc831e4281a3ca29bb18"},
    {file = "wrapt-2.2.1-cp311-cp311-musllinux_1_2_riscv64.whl", hash = "sha256:c803a3d331796255af51ba2c79ed0ac8275865b516c09e61f248d1e7aff31ce9"},
    {file = "wrapt-2.2.1-cp311-cp311-musllinux_1_2_x86_64.whl", hash = "sha256:9b984d1eb252145d6302c1dbd5e87fc6d404d45531447c84eadec04bf1fcb027"},
    {file = "wrapt-2.2.1-cp311-cp311-win32.whl", hash = "sha256:8a983a603a18c8708f024f7f6991b2e66159219abbf894634c5056243c55f3cd"},
    {file = "wrapt-2.2.1-cp311-cp311-win_amd64.whl", hash = "sha256:9c210a6994b21aa9b29e81c8d11560e8fdab54c117e9cff37870d0a27bde1343"},
    {file = "wrapt-2.2.1-cp311-cp311-win_arm64.whl", hash = "sha256:401229e9d63ca09f9b8891ecf83798d26c11bbb445d11ed9f1836b6d4585b38a"},
    {file = "wrapt-2.2.1-cp312-cp312-macosx_10_13_x86_64.whl", hash = "sha256:3ffad790d9d11d8ecf9f17c4bb671a5b4089e4d8b575c46c5129597f41f836b0"},
    {file = "wrapt-2.2.1-cp312-cp312-macosx_11_0_arm64.whl", hash = "sha256:628f5220c7a904d5fc78f7075c8d7871433eb6d035c94728a22fdf85f193d2a8"},
    {file = "wrapt-2.2.1-cp312-cp312-manylinux1_x86_64.manylinux_2_28_x86_64.manylinux_2_5_x86_64.whl", hash = "sha256:61acce4257a9883669703c525447c5b4c392edf0f987ae77ec32668440158f0e"},
    {file = "wrapt-2.2.1-cp312-cp312-manylinux2014_aarch64.manylinux_2_17_aarch64.manylinux_2_28_aarch64.whl", hash = "sha256:727ab4244622cd6ad2390f322642090c877d2e83a608d2653a7643ae5368d926"},
    {file = "wrapt-2.2.1-cp312-cp312-manylinux_2_31_riscv64.manylinux_2_39_riscv64.whl", hash = "sha256:03df9ebed4c73ab93fa8c07e3d41d818dfca1852b15731a3de59457b27814624"},
    {file = "wrapt-2.2.1-cp312-cp312-musllinux_1_2_aarch64.whl", hash = "sha256:0d9ff006f420b2ec8296aa56ade43ea7da3e997e85769f0aafc5e0661aacb710"},
    {file = "wrapt-2.2.1-cp312-cp312-musllinux_1_2_riscv64.whl", hash = "sha256:844c858fc3bb7eacc0ba8efa904935d16aac6a4470948ad1e7e55c9f5a2a665f"},
    {file = "wrapt-2.2.1-cp312-cp312-musllinux_1_2_x86_64.whl", hash = "sha256:87bacdaf225117a342a20d9c03438d701c02112f6e3f351ce9b7f32354f14797"},
    {file = "wrapt-2.2.1-cp312-cp312-win32.whl", hash = "sha256:2f8c90c8afde51969487be4e1343ae049b268854877d415c2510baf833775052"},
    {file = "wrapt-2.2.1-cp312-cp312-win_amd64.whl", hash = "sha256:6ce32763ac31ce94fe9aada947e479b1975012bff166da409b4b9e4e376cf7e5"},
    {file = "wrapt-2.2.1-cp312-cp312-win_arm64.whl", hash = "sha256:8d1b4d0e0c2119587a31f5c029abd547e0c81d93b89d394566fe1588659eb579"},
    {file = "wrapt-2.2.1-cp313-cp313-macosx_10_13_x86_64.whl", hash = "sha256:d2beb1c7cab10603aecdc42f8edd6ff013f9a32e4543474e38e6b77ce9975aeb"},
    {file = "wrapt-2.2.1-cp313-cp313-macosx_11_0_arm64.whl", hash = "sha256:e0cb7e4dd71f4c32e5e84843cd3c4cd65dda034314004bbe1d7f99af2426ab80"},
    {file = "wrapt-2.2.1-cp313-cp313-manylinux1_x86_64.manylinux_2_28_x86_64.manylinux_2_5_x86_64.whl", hash = "sha256:95821352042722cd9f1108874579a47989d0a7e12a37d87d2fc4af20fd99ab8a"},
    {file = "wrapt-2.2.1-cp313-cp313-manylinux2014_aarch64.manylinux_2_17_aarch64.manylinux_2_28_aarch64.whl", hash = "sha256:abd621552ede77c4c69be7fac44ba911225b0c812b6ba604e5964cf98085b474"},
    {file = "wrapt-2.2.1-cp313-cp313-manylinux_2_31_riscv64.manylinux_2_39_riscv64.whl", hash = "sha256:e3677c7146ce694874941ba82b57092cc4875445aadf29d72807351023105143"},
    {file = "wrapt-2.2.1-cp313-cp313-musllinux_1_2_aarch64.whl", hash = "sha256:9a5934eaea872e17936b5f45501eba5ab0bce9a74122e172b663d7c28c459c4a"},
    {file = "wrapt-2.2.1-cp313-cp313-musllinux_1_2_riscv64.whl", hash = "sha256:f5b9daf6b629fce418e0cc3dd0436eac045188fa35deadb7a7f3941d5b8203f9"},
    {file = "wrapt-2.2.1-cp313-cp313-musllinux_1_2_x86_64.whl", hash = "sha256:f53ac9f3ef573326d009ed809beff4efcac6451931c2b8132586da4b9e53ff31"},
    {file = "wrapt-2.2.1-cp313-cp313-win32.whl", hash = "sha256:1ffa9cfd4bdb581539951b14ae661ff20ed0c3599b3e911a131ee0ec5ac11337"},
    {file = "wrapt-2.2.1-cp313-cp313-win_amd64.whl", hash = "sha256:368eac1e20fd0bb03dd3cc42bf9887154c3861b60989389ccb5fac032617d215"},
    {file = "wrapt-2.2.1-cp313-cp313-win_arm64.whl", hash = "sha256:c754dafdf5aaf0b401b644a90a30046929a0dd1a536e0ff0ec959a59155d9c7f"},
    {file = "wrapt-2.2.1-cp313-cp313t-macosx_10_13_x86_64.whl", hash = "sha256:ed928d0fda15fc0adc8d13305c8b3c0f2fba5b0669950c9e6d019d9162a3b3e8"},
    {file = "wrapt-2.2.1-cp313-cp313t-macosx_11_0_arm64.whl", hash = "sha256:fafb4e739e43544d12cb4abd1605fd4683b6ca6a9ad682b7fd8f4d21973eafa8"},
    {file = "wrapt-2.2.1-cp313-cp313t-manylinux1_x86_64.manylinux_2_28_x86_64.manylinux_2_5_x86_64.whl", hash = "sha256:74d6a0c31472fe5d814917266b9f46495d7c61ed890af08b468acea92fb89a8d"},
    {file = "wrapt-2.2.1-cp313-cp313t-manylinux2014_aarch64.manylinux_2_17_aarch64.manylinux_2_28_aarch64.whl", hash = "sha256:ab5be648d5a0b86b7438864f8df3c705a65cef35a2fd3e5561e3e203167e0f27"},
    {file = "wrapt-2.2.1-cp313-cp313t-manylinux_2_31_riscv64.manylinux_2_39_riscv64.whl", hash = "sha256:9d8f204c8e3a8bf9ece17e0a83d137fd807440977f8a5e762d59306795011440"},
    {file = "wrapt-2.2.1-cp313-cp313t-musllinux_1_2_aarch64.whl", hash = "sha256:d047f6498c973874ba08ac3f97c69a2c4b2211c8de6f4c205f75cb1c9522596e"},
    {file = "wrapt-2.2.1-cp313-cp313t-musllinux_1_2_riscv64.whl", hash = "sha256:7a4fdb9326aab4a5a477a1640e5ad786a8495901009d7e7b038371edd23a9d2b"},
    {file = "wrapt-2.2.1-cp313-cp313t-musllinux_1_2_x86_64.whl", hash = "sha256:c8cc5094b08abeae52da9c73c8a32003623be691a5193df2f4e3eac3d557c394"},
    {file = "wrapt-2.2.1-cp313-cp313t-win32.whl", hash = "sha256:9907a4402ab6db12b7077a0ea5d7a4d028ecb22c8eee2b53527080d347cd1562"},
    {file = "wrapt-2.2.1-cp313-cp313t-win_amd64.whl", hash = "sha256:5590d63f5243251641cf543009b4c9314a79d0598fdb8a8e4cfc918494536c53"},
    {file = "wrapt-2.2.1-cp313-cp313t-win_arm64.whl", hash = "sha256:c318a64b53d97b841d7b5e637517e50a27be64bc695128422953d4b21710954e"},
    {file = "wrapt-2.2.1-cp314-cp314-macosx_10_15_x86_64.whl", hash = "sha256:6f56a647e4eaf5f0ca40330fb070f566bdf9f7b0db89a1af20d71c28dcd7a0ab"},
    {file = "wrapt-2.2.1-cp314-cp314-macosx_11_0_arm64.whl", hash = "sha256:64b7deeda4b70408e382328d8bbe52a256fe9bc63ae3db86d804608367e5422c"},
    {file = "wrapt-2.2.1-cp314-cp314-manylinux1_x86_64.manylinux_2_28_x86_64.manylinux_2_5_x86_64.whl", hash = "sha256:b9cf53ba90717db2e292401de290776c498d4bbfb0d4a559ca2895db8b9dcb5c"},
    {file = "wrapt-2.2.1-cp314-cp314-manylinux2014_aarch64.manylinux_2_17_aarch64.manylinux_2_28_aarch64.whl", hash = "sha256:cf3638274ab9d9b724c9baa0b4c04e132cd6faefb78b4dd3dd1a02a4bdaad41e"},
    {file = "wrapt-2.2.1-cp314-cp314-manylinux_2_31_riscv64.manylinux_2_39_riscv64.whl", hash = "sha256:aed9658797d0b45d6c49adcfc6b41f66e6f2d0c6de3ec79e16cf4b1855df240f"},
    {file = "wrapt-2.2.1-cp314-cp314-musllinux_1_2_aarch64.whl", hash = "sha256:1d676ee388bc42a04d56dd7deb5605244dac2e35cc2fadbb43c9fa25bbd93508"},
    {file = "wrapt-2.2.1-cp314-cp314-musllinux_1_2_riscv64.whl", hash = "sha256:e395f7bc31851ef9b612050368cb446e9bc14cd7454b025018980349caf25ae5"},
    {file = "wrapt-2.2.1-cp314-cp314-musllinux_1_2_x86_64.whl", hash = "sha256:5f1845c2a8cc1180ccccfa45785dd06f562730d19ef75be180334254012b6283"},
    {file = "wrapt-2.2.1-cp314-cp314-win32.whl", hash = "sha256:436addbc4bb4fc0a88c702577f51195d7d73683a7f3e0e5b253d8404d7847243"},
    {file = "wrapt-2.2.1-cp314-cp314-win_amd64.whl", hash = "sha256:50972a1d974ea07725a7f6b1cec5f8759008afd030a0024843ebe7d52de47f2b"},
    {file = "wrapt-2.2.1-cp314-cp314-win_arm64.whl", hash = "sha256:1c9934ea5d92957e3cd0adbc0845539dccfd62710ebe16195a8c66c53954db36"},
    {file = "wrapt-2.2.1-cp314-cp314t-macosx_10_15_x86_64.whl", hash = "sha256:17de18fc12cea55b8a9587314cb830573e37fb33b247a7515696350863714188"},
    {file = "wrapt-2.2.1-cp314-cp314t-macosx_11_0_arm64.whl", hash = "sha256:a9dec1aca52dddde7df94818310fa2fe79739c8f385b2014c4cb1035f5508199"},
    {file = "wrapt-2.2.1-cp314-cp314t-manylinux1_x86_64.manylinux_2_28_x86_64.manylinux_2_5_x86_64.whl", hash = "sha256:69f2e9244542cb34dd59c7f073445b9e54ad9f3fce8d93606c368a1b499fc413"},
    {file = "wrapt-2.2.1-cp314-cp314t-manylinux2014_aarch64.manylinux_2_17_aarch64.manylinux_2_28_aarch64.whl", hash = "sha256:2d83966dc7f4f45e8b97b5933685ac2e6e67fc0e19246ea314bceb9a8970c956"},
    {file = "wrapt-2.2.1-cp314-cp314t-manylinux_2_31_riscv64.manylinux_2_39_riscv64.whl", hash = "sha256:78b0aa6bfb7be8deed0ab23e7aa028cc5210c29bc2d32a04d52b50e517a7307e"},
    {file = "wrapt-2.2.1-cp314-cp314t-musllinux_1_2_aarch64.whl", hash = "sha256:05d5cb74d1b232ec8cfa130a8f900708699ff2491d97b8f85a4cdc5996294b85"},
    {file = "wrapt-2.2.1-cp314-cp314t-musllinux_1_2_riscv64.whl", hash = "sha256:f6518b94edb9150452e9aba08027d4cc293433753ec1fbefb4629a21cbc74181"},
    {file = "wrapt-2.2.1-cp314-cp314t-musllinux_1_2_x86_64.whl", hash = "sha256:ed55af48b3eb28f43228ca2306788892bcb629eb2b5c4876e2a3659872c2f17a"},
    {file = "wrapt-2.2.1-cp314-cp314t-win32.whl", hash = "sha256:2e08688ab16525897da6589d56d0aebaf417bbe91c2d8e3b96203b1efa596e85"},
    {file = "wrapt-2.2.1-cp314-cp314t-win_amd64.whl", hash = "sha256:fd0135d34387f5fd087d9be368ea77ea89cf2451dc1cd1c622d35021bcb3ab50"},
    {file = "wrapt-2.2.1-cp314-cp314t-win_arm64.whl", hash = "sha256:f70db64e8266d7c45d3b735f2e08eeb434b5e03da9a479ae42b2e2e486a21a00"},
    {file = "wrapt-2.2.1-cp39-cp39-macosx_10_9_x86_64.whl", hash = "sha256:5fa9bf3b9e66336589d03f42abce2da1055ad5c69b0c2b764852a8471c9b9114"},
    {file = "wrapt-2.2.1-cp39-cp39-macosx_11_0_arm64.whl", hash = "sha256:2076d2335085eb09b9547e7688656fa8f5cf0183eab589d33499cd353489d797"},
    {file = "wrapt-2.2.1-cp39-cp39-manylinux1_x86_64.manylinux_2_28_x86_64.manylinux_2_5_x86_64.whl", hash = "sha256:7975bc88ab4b0f72ef2a2d5ae9d77d87efb5ef95e8f8046242fa9afdaaf2030b"},
    {file = "wrapt-2.2.1-cp39-cp39-manylinux2014_aarch64.manylinux_2_17_aarch64.manylinux_2_28_aarch64.whl", hash = "sha256:61a0013344674d2b648bc6e6fe9828dd4fc1d3b4eb7523809792f8cb952e2f16"},
    {file = "wrapt-2.2.1-cp39-cp39-manylinux_2_31_riscv64.manylinux_2_39_riscv64.whl", hash = "sha256:b6c0febfe38f22df2eb565c0ce8a092bb80411e56861ca382c443da83105423f"},
    {file = "wrapt-2.2.1-cp39-cp39-musllinux_1_2_aarch64.whl", hash = "sha256:211f595f8e7faae5c5930fcc64708f2ba36849e0ba0fd653a843de9fa8d7db77"},
    {file = "wrapt-2.2.1-cp39-cp39-musllinux_1_2_riscv64.whl", hash = "sha256:f4e1a92032a39cd5e3c647ca57dbf33b6a1938fd975623175793f9dbb63236de"},
    {file = "wrapt-2.2.1-cp39-cp39-musllinux_1_2_x86_64.whl", hash = "sha256:24c52546acf2ab82412f2ab6fc5948a7fe958d3b4f070202e8dcdd865489eaf9"},
    {file = "wrapt-2.2.1-cp39-cp39-win32.whl", hash = "sha256:c3723ff8eb8721f4daac98bc0256f15158e05316d5e52648ce9cebee434fbdd5"},
    {file = "wrapt-2.2.1-cp39-cp39-win_amd64.whl", hash = "sha256:2de9e20769fe9c1f6dcdc893c6a89287c5ccf8537c90b5de78aed8017697aad5"},
    {file = "wrapt-2.2.1-cp39-cp39-win_arm64.whl", hash = "sha256:585916e210db57b23543342c2f298e42331b617fd0c934caf5c64df44de8640e"},
    {file = "wrapt-2.2.1-py3-none-any.whl", hash = "sha256:3aafea2975caef8ca49400640dde02cc7426e798f24870ed01f490bc3cffd32f"},
    {file = "wrapt-2.2.1.tar.gz", hash = "sha256:6744f504375775d7609c82c8d3d94af1c9a6f05586984536905908ba905277b9"},
]

[package.extras]
dev = ["pytest", "setuptools"]

[metadata]
lock-version = "2.1"
python-versions = "^3.12"
content-hash = "9d5b88010728aa673ce1005e49826fcec4d09af1629218e62708ed16bf185b7e"
